
Microsoft Visual Studio Solution File, Format Version 12.00
# Visual Studio Version 16
VisualStudioVersion = 16.0.32901.82
MinimumVisualStudioVersion = 10.0.40219.1
Project("{8BC9CEB8-8B4A-11D0-8D11-00A0C91BC942}") = "修改代码", "修改代码\修改代码.vcxproj", "{911FCCED-5097-4171-8734-273427A2E431}"
EndProject
Global
	GlobalSection(SolutionConfigurationPlatforms) = preSolution
		Debug|x64 = Debug|x64
		Debug|x86 = Debug|x86
		Release|x64 = Release|x64
		Release|x86 = Release|x86
	EndGlobalSection
	GlobalSection(ProjectConfigurationPlatforms) = postSolution
		{911FCCED-5097-4171-8734-273427A2E431}.Debug|x64.ActiveCfg = Debug|x64
		{911FCCED-5097-4171-8734-273427A2E431}.Debug|x64.Build.0 = Debug|x64
		{911FCCED-5097-4171-8734-273427A2E431}.Debug|x86.ActiveCfg = Debug|Win32
		{911FCCED-5097-4171-8734-273427A2E431}.Debug|x86.Build.0 = Debug|Win32
		{911FCCED-5097-4171-8734-273427A2E431}.Release|x64.ActiveCfg = Release|x64
		{911FCCED-5097-4171-8734-273427A2E431}.Release|x64.Build.0 = Release|x64
		{911FCCED-5097-4171-8734-273427A2E431}.Release|x86.ActiveCfg = Release|Win32
		{911FCCED-5097-4171-8734-273427A2E431}.Release|x86.Build.0 = Release|Win32
	EndGlobalSection
	GlobalSection(SolutionProperties) = preSolution
		HideSolutionNode = FALSE
	EndGlobalSection
	GlobalSection(ExtensibilityGlobals) = postSolution
		SolutionGuid = {21AA1997-E36A-40E8-A999-A3E356E8D2DD}
	EndGlobalSection
EndGlobal
